
Microsoft Visual Studio Solution File, Format Version 12.00
# Visual Studio 15
VisualStudioVersion = 15.0.28307.572
MinimumVisualStudioVersion = 10.0.40219.1
Project("{FAE04EC0-301F-11D3-BF4B-00C04F79EFBC}") = "MegaManXPassGenSNES", "MegaManXPassGenSNES\MegaManXPassGenSNES.csproj", "{7F5B6420-9BFB-4681-B84E-62C7CB5933A4}"
EndProject
Global
	GlobalSection(SolutionConfigurationPlatforms) = preSolution
		Debug|Any CPU = Debug|Any CPU
		Release|Any CPU = Release|Any CPU
	EndGlobalSection
	GlobalSection(ProjectConfigurationPlatforms) = postSolution
		{7F5B6420-9BFB-4681-B84E-62C7CB5933A4}.Debug|Any CPU.ActiveCfg = Debug|Any CPU
		{7F5B6420-9BFB-4681-B84E-62C7CB5933A4}.Debug|Any CPU.Build.0 = Debug|Any CPU
		{7F5B6420-9BFB-4681-B84E-62C7CB5933A4}.Release|Any CPU.ActiveCfg = Release|Any CPU
		{7F5B6420-9BFB-4681-B84E-62C7CB5933A4}.Release|Any CPU.Build.0 = Release|Any CPU
	EndGlobalSection
	GlobalSection(SolutionProperties) = preSolution
		HideSolutionNode = FALSE
	EndGlobalSection
	GlobalSection(ExtensibilityGlobals) = postSolution
		SolutionGuid = {65318AAE-0A25-405C-B3DA-D1A396504047}
	EndGlobalSection
EndGlobal
